{
  "name": "miniprogram",
  "version": "1.0.0",
  "lockfileVersion": 1,
  "requires": true,
  "dependencies": {
    "@miniprogram-component-plus/vtabs": {
      "version": "1.0.0",
      "resolved": "https://registry.npm.taobao.org/@miniprogram-component-plus/vtabs/download/@miniprogram-component-plus/vtabs-1.0.0.tgz",
      "integrity": "sha1-xv4jK88WEI4CCJ/Nk0wHkYO9dkg="
    },
    "@miniprogram-component-plus/vtabs-content": {
      "version": "1.0.0",
      "resolved": "https://registry.npm.taobao.org/@miniprogram-component-plus/vtabs-content/download/@miniprogram-component-plus/vtabs-content-1.0.0.tgz",
      "integrity": "sha1-nWRnPOaWtq4Ny+hR1v5ZY3nlSiw="
    },
    "blueimp-md5": {
      "version": "2.16.0",
      "resolved": "https://registry.npm.taobao.org/blueimp-md5/download/blueimp-md5-2.16.0.tgz",
      "integrity": "sha1-kBi7gF5O4FUS4OjL25MF7uy9yHw="
    },
    "eventemitter3": {
      "version": "4.0.4",
      "resolved": "https://registry.npm.taobao.org/eventemitter3/download/eventemitter3-4.0.4.tgz",
      "integrity": "sha1-tUY6zmNaCD0Bi9x8kXtMXxCoU4Q="
    },
    "mina-lazy-image": {
      "version": "2.0.1",
      "resolved": "https://registry.npm.taobao.org/mina-lazy-image/download/mina-lazy-image-2.0.1.tgz",
      "integrity": "sha1-lBD92Xr+6Vp+bTuF0pti8rnMR+c="
    },
    "miniprogram-recycle-view": {
      "version": "0.1.5",
      "resolved": "https://registry.npm.taobao.org/miniprogram-recycle-view/download/miniprogram-recycle-view-0.1.5.tgz",
      "integrity": "sha1-hUwv4N9jwhZfc5yOBEaqNapsfXg="
    },
    "miniprogram-slide-view": {
      "version": "0.0.4",
      "resolved": "https://registry.npm.taobao.org/miniprogram-slide-view/download/miniprogram-slide-view-0.0.4.tgz",
      "integrity": "sha1-0EjSJCrOMfwp3hmbmkmjM19sEy0="
    },
    "widget-ui": {
      "version": "1.0.2",
      "resolved": "https://registry.npm.taobao.org/widget-ui/download/widget-ui-1.0.2.tgz",
      "integrity": "sha1-1lpWC5Fzn70Op8L18tKP5MATJHA=",
      "requires": {
        "eventemitter3": "^4.0.0"
      }
    },
    "wxml-to-canvas": {
      "version": "1.1.1",
      "resolved": "https://registry.npm.taobao.org/wxml-to-canvas/download/wxml-to-canvas-1.1.1.tgz",
      "integrity": "sha1-ZHcUc/seJRva2U+Mb/p91kKQ58o=",
      "requires": {
        "widget-ui": "^1.0.2"
      }
    }
  }
}
